
Microsoft Visual Studio Solution File, Format Version 12.00
# Visual Studio Version 17
VisualStudioVersion = 17.14.36811.4 d17.14
MinimumVisualStudioVersion = 10.0.40219.1
Project("{FAE04EC0-301F-11D3-BF4B-00C04F79EFBC}") = "LoggingService", "LoggingService.csproj", "{21E601E9-0199-49C1-AA95-36E49B578041}"
EndProject
Global
	GlobalSection(SolutionConfigurationPlatforms) = preSolution
		Debug|Any CPU = Debug|Any CPU
		Release|Any CPU = Release|Any CPU
	EndGlobalSection
	GlobalSection(ProjectConfigurationPlatforms) = postSolution
		{21E601E9-0199-49C1-AA95-36E49B578041}.Debug|Any CPU.ActiveCfg = Debug|Any CPU
		{21E601E9-0199-49C1-AA95-36E49B578041}.Debug|Any CPU.Build.0 = Debug|Any CPU
		{21E601E9-0199-49C1-AA95-36E49B578041}.Release|Any CPU.ActiveCfg = Release|Any CPU
		{21E601E9-0199-49C1-AA95-36E49B578041}.Release|Any CPU.Build.0 = Release|Any CPU
	EndGlobalSection
	GlobalSection(SolutionProperties) = preSolution
		HideSolutionNode = FALSE
	EndGlobalSection
	GlobalSection(ExtensibilityGlobals) = postSolution
		SolutionGuid = {157552F5-7FF4-478D-A450-B29F5B6B4C44}
	EndGlobalSection
EndGlobal
